// !$*UTF8*$!
{
	archiveVersion = 1;
	classes = {
	};
	objectVersion = 50;
	objects = {

/* Begin PBXBuildFile section */
		DAF966E7232F2B0A007F3433 /* AppDelegate.swift in Sources */ = {isa = PBXBuildFile; fileRef = DAF966E6232F2B0A007F3433 /* AppDelegate.swift */; };
		DAF966E9232F2B0A007F3433 /* ViewController.swift in Sources */ = {isa = PBXBuildFile; fileRef = DAF966E8232F2B0A007F3433 /* ViewController.swift */; };
		DAF966EC232F2B0A007F3433 /* Main.storyboard in Resources */ = {isa = PBXBuildFile; fileRef = DAF966EA232F2B0A007F3433 /* Main.storyboard */; };
		DAF966EE232F2B0B007F3433 /* Assets.xcassets in Resources */ = {isa = PBXBuildFile; fileRef = DAF966ED232F2B0B007F3433 /* Assets.xcassets */; };
		DAF966F1232F2B0B007F3433 /* LaunchScreen.storyboard in Resources */ = {isa = PBXBuildFile; fileRef = DAF966EF232F2B0B007F3433 /* LaunchScreen.storyboard */; };
		DAF966FC232F2B0B007F3433 /* calendarTestTests.swift in Sources */ = {isa = PBXBuildFile; fileRef = DAF966FB232F2B0B007F3433 /* calendarTestTests.swift */; };
		DAF96707232F2B0B007F3433 /* calendarTestUITests.swift in Sources */ = {isa = PBXBuildFile; fileRef = DAF96706232F2B0B007F3433 /* calendarTestUITests.swift */; };
/* End PBXBuildFile section */

/* Begin PBXContainerItemProxy section */
		DAF966F8232F2B0B007F3433 /* PBXContainerItemProxy */ = {
			isa = PBXContainerItemProxy;
			containerPortal = DAF966DB232F2B0A007F3433 /* Project object */;
			proxyType = 1;
			remoteGlobalIDString = DAF966E2232F2B0A007F3433;
			remoteInfo = calendarTest;
		};
		DAF96703232F2B0B007F3433 /* PBXContainerItemProxy */ = {
			isa = PBXContainerItemProxy;
			containerPortal = DAF966DB232F2B0A007F3433 /* Project object */;
			proxyType = 1;
			remoteGlobalIDString = DAF966E2232F2B0A007F3433;
			remoteInfo = calendarTest;
		};
/* End PBXContainerItemProxy section */

/* Begin PBXFileReference section */
		DAF966E3232F2B0A007F3433 /* calendarTest.app */ = {isa = PBXFileReference; explicitFileType = wrapper.application; includeInIndex = 0; path = calendarTest.app; sourceTree = BUILT_PRODUCTS_DIR; };
		DAF966E6232F2B0A007F3433 /* AppDelegate.swift */ = {isa = PBXFileReference; lastKnownFileType = sourcecode.swift; path = AppDelegate.swift; sourceTree = "<group>"; };
		DAF966E8232F2B0A007F3433 /* ViewController.swift */ = {isa = PBXFileReference; lastKnownFileType = sourcecode.swift; path = ViewController.swift; sourceTree = "<group>"; };
		DAF966EB232F2B0A007F3433 /* Base */ = {isa = PBXFileReference; lastKnownFileType = file.storyboard; name = Base; path = Base.lproj/Main.storyboard; sourceTree = "<group>"; };
		DAF966ED232F2B0B007F3433 /* Assets.xcassets */ = {isa = PBXFileReference; lastKnownFileType = folder.assetcatalog; path = Assets.xcassets; sourceTree = "<group>"; };
		DAF966F0232F2B0B007F3433 /* Base */ = {isa = PBXFileReference; lastKnownFileType = file.storyboard; name = Base; path = Base.lproj/LaunchScreen.storyboard; sourceTree = "<group>"; };
		DAF966F2232F2B0B007F3433 /* Info.plist */ = {isa = PBXFileReference; lastKnownFileType = text.plist.xml; path = Info.plist; sourceTree = "<group>"; };
		DAF966F7232F2B0B007F3433 /* calendarTestTests.xctest */ = {isa = PBXFileReference; explicitFileType = wrapper.cfbundle; includeInIndex = 0; path = calendarTestTests.xctest; sourceTree = BUILT_PRODUCTS_DIR; };
		DAF966FB232F2B0B007F3433 /* calendarTestTests.swift */ = {isa = PBXFileReference; lastKnownFileType = sourcecode.swift; path = calendarTestTests.swift; sourceTree = "<group>"; };
		DAF966FD232F2B0B007F3433 /* Info.plist */ = {isa = PBXFileReference; lastKnownFileType = text.plist.xml; path = Info.plist; sourceTree = "<group>"; };
		DAF96702232F2B0B007F3433 /* calendarTestUITests.xctest */ = {isa = PBXFileReference; explicitFileType = wrapper.cfbundle; includeInIndex = 0; path = calendarTestUITests.xctest; sourceTree = BUILT_PRODUCTS_DIR; };
		DAF96706232F2B0B007F3433 /* calendarTestUITests.swift */ = {isa = PBXFileReference; lastKnownFileType = sourcecode.swift; path = calendarTestUITests.swift; sourceTree = "<group>"; };
		DAF96708232F2B0B007F3433 /* Info.plist */ = {isa = PBXFileReference; lastKnownFileType = text.plist.xml; path = Info.plist; sourceTree = "<group>"; };
/* End PBXFileReference section */

/* Begin PBXFrameworksBuildPhase section */
		DAF966E0232F2B0A007F3433 /* Frameworks */ = {
			isa = PBXFrameworksBuildPhase;
			buildActionMask = 2147483647;
			files = (
			);
			runOnlyForDeploymentPostprocessing = 0;
		};
		DAF966F4232F2B0B007F3433 /* Frameworks */ = {
			isa = PBXFrameworksBuildPhase;
			buildActionMask = 2147483647;
			files = (
			);
			runOnlyForDeploymentPostprocessing = 0;
		};
		DAF966FF232F2B0B007F3433 /* Frameworks */ = {
			isa = PBXFrameworksBuildPhase;
			buildActionMask = 2147483647;
			files = (
			);
			runOnlyForDeploymentPostprocessing = 0;
		};
/* End PBXFrameworksBuildPhase section */

/* Begin PBXGroup section */
		DAF966DA232F2B0A007F3433 = {
			isa = PBXGroup;
			children = (
				DAF966E5232F2B0A007F3433 /* calendarTest */,
				DAF966FA232F2B0B007F3433 /* calendarTestTests */,
				DAF96705232F2B0B007F3433 /* calendarTestUITests */,
				DAF966E4232F2B0A007F3433 /* Products */,
			);
			sourceTree = "<group>";
		};
		DAF966E4232F2B0A007F3433 /* Products */ = {
			isa = PBXGroup;
			children = (
				DAF966E3232F2B0A007F3433 /* calendarTest.app */,
				DAF966F7232F2B0B007F3433 /* calendarTestTests.xctest */,
				DAF96702232F2B0B007F3433 /* calendarTestUITests.xctest */,
			);
			name = Products;
			sourceTree = "<group>";
		};
		DAF966E5232F2B0A007F3433 /* calendarTest */ = {
			isa = PBXGroup;
			children = (
				DAF966E6232F2B0A007F3433 /* AppDelegate.swift */,
				DAF966E8232F2B0A007F3433 /* ViewController.swift */,
				DAF966EA232F2B0A007F3433 /* Main.storyboard */,
				DAF966ED232F2B0B007F3433 /* Assets.xcassets */,
				DAF966EF232F2B0B007F3433 /* LaunchScreen.storyboard */,
				DAF966F2232F2B0B007F3433 /* Info.plist */,
			);
			path = calendarTest;
			sourceTree = "<group>";
		};
		DAF966FA232F2B0B007F3433 /* calendarTestTests */ = {
			isa = PBXGroup;
			children = (
				DAF966FB232F2B0B007F3433 /* calendarTestTests.swift */,
				DAF966FD232F2B0B007F3433 /* Info.plist */,
			);
			path = calendarTestTests;
			sourceTree = "<group>";
		};
		DAF96705232F2B0B007F3433 /* calendarTestUITests */ = {
			isa = PBXGroup;
			children = (
				DAF96706232F2B0B007F3433 /* calendarTestUITests.swift */,
				DAF96708232F2B0B007F3433 /* Info.plist */,
			);
			path = calendarTestUITests;
			sourceTree = "<group>";
		};
/* End PBXGroup section */

/* Begin PBXNativeTarget section */
		DAF966E2232F2B0A007F3433 /* calendarTest */ = {
			isa = PBXNativeTarget;
			buildConfigurationList = DAF9670B232F2B0B007F3433 /* Build configuration list for PBXNativeTarget "calendarTest" */;
			buildPhases = (
				DAF966DF232F2B0A007F3433 /* Sources */,
				DAF966E0232F2B0A007F3433 /* Frameworks */,
				DAF966E1232F2B0A007F3433 /* Resources */,
			);
			buildRules = (
			);
			dependencies = (
			);
			name = calendarTest;
			productName = calendarTest;
			productReference = DAF966E3232F2B0A007F3433 /* calendarTest.app */;
			productType = "com.apple.product-type.application";
		};
		DAF966F6232F2B0B007F3433 /* calendarTestTests */ = {
			isa = PBXNativeTarget;
			buildConfigurationList = DAF9670E232F2B0B007F3433 /* Build configuration list for PBXNativeTarget "calendarTestTests" */;
			buildPhases = (
				DAF966F3232F2B0B007F3433 /* Sources */,
				DAF966F4232F2B0B007F3433 /* Frameworks */,
				DAF966F5232F2B0B007F3433 /* Resources */,
			);
			buildRules = (
			);
			dependencies = (
				DAF966F9232F2B0B007F3433 /* PBXTargetDependency */,
			);
			name = calendarTestTests;
			productName = calendarTestTests;
			productReference = DAF966F7232F2B0B007F3433 /* calendarTestTests.xctest */;
			productType = "com.apple.product-type.bundle.unit-test";
		};
		DAF96701232F2B0B007F3433 /* calendarTestUITests */ = {
			isa = PBXNativeTarget;
			buildConfigurationList = DAF96711232F2B0B007F3433 /* Build configuration list for PBXNativeTarget "calendarTestUITests" */;
			buildPhases = (
				DAF966FE232F2B0B007F3433 /* Sources */,
				DAF966FF232F2B0B007F3433 /* Frameworks */,
				DAF96700232F2B0B007F3433 /* Resources */,
			);
			buildRules = (
			);
			dependencies = (
				DAF96704232F2B0B007F3433 /* PBXTargetDependency */,
			);
			name = calendarTestUITests;
			productName = calendarTestUITests;
			productReference = DAF96702232F2B0B007F3433 /* calendarTestUITests.xctest */;
			productType = "com.apple.product-type.bundle.ui-testing";
		};
/* End PBXNativeTarget section */

/* Begin PBXProject section */
		DAF966DB232F2B0A007F3433 /* Project object */ = {
			isa = PBXProject;
			attributes = {
				LastSwiftUpdateCheck = 1030;
				LastUpgradeCheck = 1030;
				ORGANIZATIONNAME = Dustin;
				TargetAttributes = {
					DAF966E2232F2B0A007F3433 = {
						CreatedOnToolsVersion = 10.3;
					};
					DAF966F6232F2B0B007F3433 = {
						CreatedOnToolsVersion = 10.3;
						TestTargetID = DAF966E2232F2B0A007F3433;
					};
					DAF96701232F2B0B007F3433 = {
						CreatedOnToolsVersion = 10.3;
						TestTargetID = DAF966E2232F2B0A007F3433;
					};
				};
			};
			buildConfigurationList = DAF966DE232F2B0A007F3433 /* Build configuration list for PBXProject "calendarTest" */;
			compatibilityVersion = "Xcode 9.3";
			developmentRegion = en;
			hasScannedForEncodings = 0;
			knownRegions = (
				en,
				Base,
			);
			mainGroup = DAF966DA232F2B0A007F3433;
			productRefGroup = DAF966E4232F2B0A007F3433 /* Products */;
			projectDirPath = "";
			projectRoot = "";
			targets = (
				DAF966E2232F2B0A007F3433 /* calendarTest */,
				DAF966F6232F2B0B007F3433 /* calendarTestTests */,
				DAF96701232F2B0B007F3433 /* calendarTestUITests */,
			);
		};
/* End PBXProject section */

/* Begin PBXResourcesBuildPhase section */
		DAF966E1232F2B0A007F3433 /* Resources */ = {
			isa = PBXResourcesBuildPhase;
			buildActionMask = 2147483647;
			files = (
				DAF966F1232F2B0B007F3433 /* LaunchScreen.storyboard in Resources */,
				DAF966EE232F2B0B007F3433 /* Assets.xcassets in Resources */,
				DAF966EC232F2B0A007F3433 /* Main.storyboard in Resources */,
			);
			runOnlyForDeploymentPostprocessing = 0;
		};
		DAF966F5232F2B0B007F3433 /* Resources */ = {
			isa = PBXResourcesBuildPhase;
			buildActionMask = 2147483647;
			files = (
			);
			runOnlyForDeploymentPostprocessing = 0;
		};
		DAF96700232F2B0B007F3433 /* Resources */ = {
			isa = PBXResourcesBuildPhase;
			buildActionMask = 2147483647;
			files = (
			);
			runOnlyForDeploymentPostprocessing = 0;
		};
/* End PBXResourcesBuildPhase section */

/* Begin PBXSourcesBuildPhase section */
		DAF966DF232F2B0A007F3433 /* Sources */ = {
			isa = PBXSourcesBuildPhase;
			buildActionMask = 2147483647;
			files = (
				DAF966E9232F2B0A007F3433 /* ViewController.swift in Sources */,
				DAF966E7232F2B0A007F3433 /* AppDelegate.swift in Sources */,
			);
			runOnlyForDeploymentPostprocessing = 0;
		};
		DAF966F3232F2B0B007F3433 /* Sources */ = {
			isa = PBXSourcesBuildPhase;
			buildActionMask = 2147483647;
			files = (
				DAF966FC232F2B0B007F3433 /* calendarTestTests.swift in Sources */,
			);
			runOnlyForDeploymentPostprocessing = 0;
		};
		DAF966FE232F2B0B007F3433 /* Sources */ = {
			isa = PBXSourcesBuildPhase;
			buildActionMask = 2147483647;
			files = (
				DAF96707232F2B0B007F3433 /* calendarTestUITests.swift in Sources */,
			);
			runOnlyForDeploymentPostprocessing = 0;
		};
/* End PBXSourcesBuildPhase section */

/* Begin PBXTargetDependency section */
		DAF966F9232F2B0B007F3433 /* PBXTargetDependency */ = {
			isa = PBXTargetDependency;
			target = DAF966E2232F2B0A007F3433 /* calendarTest */;
			targetProxy = DAF966F8232F2B0B007F3433 /* PBXContainerItemProxy */;
		};
		DAF96704232F2B0B007F3433 /* PBXTargetDependency */ = {
			isa = PBXTargetDependency;
			target = DAF966E2232F2B0A007F3433 /* calendarTest */;
			targetProxy = DAF96703232F2B0B007F3433 /* PBXContainerItemProxy */;
		};
/* End PBXTargetDependency section */

/* Begin PBXVariantGroup section */
		DAF966EA232F2B0A007F3433 /* Main.storyboard */ = {
			isa = PBXVariantGroup;
			children = (
				DAF966EB232F2B0A007F3433 /* Base */,
			);
			name = Main.storyboard;
			sourceTree = "<group>";
		};
		DAF966EF232F2B0B007F3433 /* LaunchScreen.storyboard */ = {
			isa = PBXVariantGroup;
			children = (
				DAF966F0232F2B0B007F3433 /* Base */,
			);
			name = LaunchScreen.storyboard;
			sourceTree = "<group>";
		};
/* End PBXVariantGroup section */

/* Begin XCBuildConfiguration section */
		DAF96709232F2B0B007F3433 /* Debug */ = {
			isa = XCBuildConfiguration;
			buildSettings = {
				ALWAYS_SEARCH_USER_PATHS = NO;
				CLANG_ANALYZER_NONNULL = YES;
				CLANG_ANALYZER_NUMBER_OBJECT_CONVERSION = YES_AGGRESSIVE;
				CLANG_CXX_LANGUAGE_STANDARD = "gnu++14";
				CLANG_CXX_LIBRARY = "libc++";
				CLANG_ENABLE_MODULES = YES;
				CLANG_ENABLE_OBJC_ARC = YES;
				CLANG_ENABLE_OBJC_WEAK = YES;
				CLANG_WARN_BLOCK_CAPTURE_AUTORELEASING = YES;
				CLANG_WARN_BOOL_CONVERSION = YES;
				CLANG_WARN_COMMA = YES;
				CLANG_WARN_CONSTANT_CONVERSION = YES;
				CLANG_WARN_DEPRECATED_OBJC_IMPLEMENTATIONS = YES;
				CLANG_WARN_DIRECT_OBJC_ISA_USAGE = YES_ERROR;
				CLANG_WARN_DOCUMENTATION_COMMENTS = YES;
				CLANG_WARN_EMPTY_BODY = YES;
				CLANG_WARN_ENUM_CONVERSION = YES;
				CLANG_WARN_INFINITE_RECURSION = YES;
				CLANG_WARN_INT_CONVERSION = YES;
				CLANG_WARN_NON_LITERAL_NULL_CONVERSION = YES;
				CLANG_WARN_OBJC_IMPLICIT_RETAIN_SELF = YES;
				CLANG_WARN_OBJC_LITERAL_CONVERSION = YES;
				CLANG_WARN_OBJC_ROOT_CLASS = YES_ERROR;
				CLANG_WARN_RANGE_LOOP_ANALYSIS = YES;
				CLANG_WARN_STRICT_PROTOTYPES = YES;
				CLANG_WARN_SUSPICIOUS_MOVE = YES;
				CLANG_WARN_UNGUARDED_AVAILABILITY = YES_AGGRESSIVE;
				CLANG_WARN_UNREACHABLE_CODE = YES;
				CLANG_WARN__DUPLICATE_METHOD_MATCH = YES;
				CODE_SIGN_IDENTITY = "iPhone Developer";
				COPY_PHASE_STRIP = NO;
				DEBUG_INFORMATION_FORMAT = dwarf;
				ENABLE_STRICT_OBJC_MSGSEND = YES;
				ENABLE_TESTABILITY = YES;
				GCC_C_LANGUAGE_STANDARD = gnu11;
				GCC_DYNAMIC_NO_PIC = NO;
				GCC_NO_COMMON_BLOCKS = YES;
				GCC_OPTIMIZATION_LEVEL = 0;
				GCC_PREPROCESSOR_DEFINITIONS = (
					"DEBUG=1",
					"$(inherited)",
				);
				GCC_WARN_64_TO_32_BIT_CONVERSION = YES;
				GCC_WARN_ABOUT_RETURN_TYPE = YES_ERROR;
				GCC_WARN_UNDECLARED_SELECTOR = YES;
				GCC_WARN_UNINITIALIZED_AUTOS = YES_AGGRESSIVE;
				GCC_WARN_UNUSED_FUNCTION = YES;
				GCC_WARN_UNUSED_VARIABLE = YES;
				IPHONEOS_DEPLOYMENT_TARGET = 12.4;
				MTL_ENABLE_DEBUG_INFO = INCLUDE_SOURCE;
				MTL_FAST_MATH = YES;
				ONLY_ACTIVE_ARCH = YES;
				SDKROOT = iphoneos;
				SWIFT_ACTIVE_COMPILATION_CONDITIONS = DEBUG;
				SWIFT_OPTIMIZATION_LEVEL = "-Onone";
			};
			name = Debug;
		};
		DAF9670A232F2B0B007F3433 /* Release */ = {
			isa = XCBuildConfiguration;
			buildSettings = {
				ALWAYS_SEARCH_USER_PATHS = NO;
				CLANG_ANALYZER_NONNULL = YES;
				CLANG_ANALYZER_NUMBER_OBJECT_CONVERSION = YES_AGGRESSIVE;
				CLANG_CXX_LANGUAGE_STANDARD = "gnu++14";
				CLANG_CXX_LIBRARY = "libc++";
				CLANG_ENABLE_MODULES = YES;
				CLANG_ENABLE_OBJC_ARC = YES;
				CLANG_ENABLE_OBJC_WEAK = YES;
				CLANG_WARN_BLOCK_CAPTURE_AUTORELEASING = YES;
				CLANG_WARN_BOOL_CONVERSION = YES;
				CLANG_WARN_COMMA = YES;
				CLANG_WARN_CONSTANT_CONVERSION = YES;
				CLANG_WARN_DEPRECATED_OBJC_IMPLEMENTATIONS = YES;
				CLANG_WARN_DIRECT_OBJC_ISA_USAGE = YES_ERROR;
				CLANG_WARN_DOCUMENTATION_COMMENTS = YES;
				CLANG_WARN_EMPTY_BODY = YES;
				CLANG_WARN_ENUM_CONVERSION = YES;
				CLANG_WARN_INFINITE_RECURSION = YES;
				CLANG_WARN_INT_CONVERSION = YES;
				CLANG_WARN_NON_LITERAL_NULL_CONVERSION = YES;
				CLANG_WARN_OBJC_IMPLICIT_RETAIN_SELF = YES;
				CLANG_WARN_OBJC_LITERAL_CONVERSION = YES;
				CLANG_WARN_OBJC_ROOT_CLASS = YES_ERROR;
				CLANG_WARN_RANGE_LOOP_ANALYSIS = YES;
				CLANG_WARN_STRICT_PROTOTYPES = YES;
				CLANG_WARN_SUSPICIOUS_MOVE = YES;
				CLANG_WARN_UNGUARDED_AVAILABILITY = YES_AGGRESSIVE;
				CLANG_WARN_UNREACHABLE_CODE = YES;
				CLANG_WARN__DUPLICATE_METHOD_MATCH = YES;
				CODE_SIGN_IDENTITY = "iPhone Developer";
				COPY_PHASE_STRIP = NO;
				DEBUG_INFORMATION_FORMAT = "dwarf-with-dsym";
				ENABLE_NS_ASSERTIONS = NO;
				ENABLE_STRICT_OBJC_MSGSEND = YES;
				GCC_C_LANGUAGE_STANDARD = gnu11;
				GCC_NO_COMMON_BLOCKS = YES;
				GCC_WARN_64_TO_32_BIT_CONVERSION = YES;
				GCC_WARN_ABOUT_RETURN_TYPE = YES_ERROR;
				GCC_WARN_UNDECLARED_SELECTOR = YES;
				GCC_WARN_UNINITIALIZED_AUTOS = YES_AGGRESSIVE;
				GCC_WARN_UNUSED_FUNCTION = YES;
				GCC_WARN_UNUSED_VARIABLE = YES;
				IPHONEOS_DEPLOYMENT_TARGET = 12.4;
				MTL_ENABLE_DEBUG_INFO = NO;
				MTL_FAST_MATH = YES;
				SDKROOT = iphoneos;
				SWIFT_COMPILATION_MODE = wholemodule;
				SWIFT_OPTIMIZATION_LEVEL = "-O";
				VALIDATE_PRODUCT = YES;
			};
			name = Release;
		};
		DAF9670C232F2B0B007F3433 /* Debug */ = {
			isa = XCBuildConfiguration;
			buildSettings = {
				ASSETCATALOG_COMPILER_APPICON_NAME = AppIcon;
				CODE_SIGN_STYLE = Automatic;
				DEVELOPMENT_TEAM = 3PXPM5SP82;
				INFOPLIST_FILE = calendarTest/Info.plist;
				LD_RUNPATH_SEARCH_PATHS = (
					"$(inherited)",
					"@executable_path/Frameworks",
				);
				PRODUCT_BUNDLE_IDENTIFIER = test.calendarTest;
				PRODUCT_NAME = "$(TARGET_NAME)";
				SWIFT_VERSION = 5.0;
				TARGETED_DEVICE_FAMILY = "1,2";
			};
			name = Debug;
		};
		DAF9670D232F2B0B007F3433 /* Release */ = {
			isa = XCBuildConfiguration;
			buildSettings = {
				ASSETCATALOG_COMPILER_APPICON_NAME = AppIcon;
				CODE_SIGN_STYLE = Automatic;
				DEVELOPMENT_TEAM = 3PXPM5SP82;
				INFOPLIST_FILE = calendarTest/Info.plist;
				LD_RUNPATH_SEARCH_PATHS = (
					"$(inherited)",
					"@executable_path/Frameworks",
				);
				PRODUCT_BUNDLE_IDENTIFIER = test.calendarTest;
				PRODUCT_NAME = "$(TARGET_NAME)";
				SWIFT_VERSION = 5.0;
				TARGETED_DEVICE_FAMILY = "1,2";
			};
			name = Release;
		};
		DAF9670F232F2B0B007F3433 /* Debug */ = {
			isa = XCBuildConfiguration;
			buildSettings = {
				ALWAYS_EMBED_SWIFT_STANDARD_LIBRARIES = YES;
				BUNDLE_LOADER = "$(TEST_HOST)";
				CODE_SIGN_STYLE = Automatic;
				DEVELOPMENT_TEAM = 88P9MWFD62;
				INFOPLIST_FILE = calendarTestTests/Info.plist;
				LD_RUNPATH_SEARCH_PATHS = (
					"$(inherited)",
					"@executable_path/Frameworks",
					"@loader_path/Frameworks",
				);
				PRODUCT_BUNDLE_IDENTIFIER = test.calendarTestTests;
				PRODUCT_NAME = "$(TARGET_NAME)";
				SWIFT_VERSION = 5.0;
				TARGETED_DEVICE_FAMILY = "1,2";
				TEST_HOST = "$(BUILT_PRODUCTS_DIR)/calendarTest.app/calendarTest";
			};
			name = Debug;
		};
		DAF96710232F2B0B007F3433 /* Release */ = {
			isa = XCBuildConfiguration;
			buildSettings = {
				ALWAYS_EMBED_SWIFT_STANDARD_LIBRARIES = YES;
				BUNDLE_LOADER = "$(TEST_HOST)";
				CODE_SIGN_STYLE = Automatic;
				DEVELOPMENT_TEAM = 88P9MWFD62;
				INFOPLIST_FILE = calendarTestTests/Info.plist;
				LD_RUNPATH_SEARCH_PATHS = (
					"$(inherited)",
					"@executable_path/Frameworks",
					"@loader_path/Frameworks",
				);
				PRODUCT_BUNDLE_IDENTIFIER = test.calendarTestTests;
				PRODUCT_NAME = "$(TARGET_NAME)";
				SWIFT_VERSION = 5.0;
				TARGETED_DEVICE_FAMILY = "1,2";
				TEST_HOST = "$(BUILT_PRODUCTS_DIR)/calendarTest.app/calendarTest";
			};
			name = Release;
		};
		DAF96712232F2B0B007F3433 /* Debug */ = {
			isa = XCBuildConfiguration;
			buildSettings = {
				ALWAYS_EMBED_SWIFT_STANDARD_LIBRARIES = YES;
				CODE_SIGN_STYLE = Automatic;
				DEVELOPMENT_TEAM = 88P9MWFD62;
				INFOPLIST_FILE = calendarTestUITests/Info.plist;
				LD_RUNPATH_SEARCH_PATHS = (
					"$(inherited)",
					"@executable_path/Frameworks",
					"@loader_path/Frameworks",
				);
				PRODUCT_BUNDLE_IDENTIFIER = test.calendarTestUITests;
				PRODUCT_NAME = "$(TARGET_NAME)";
				SWIFT_VERSION = 5.0;
				TARGETED_DEVICE_FAMILY = "1,2";
				TEST_TARGET_NAME = calendarTest;
			};
			name = Debug;
		};
		DAF96713232F2B0B007F3433 /* Release */ = {
			isa = XCBuildConfiguration;
			buildSettings = {
				ALWAYS_EMBED_SWIFT_STANDARD_LIBRARIES = YES;
				CODE_SIGN_STYLE = Automatic;
				DEVELOPMENT_TEAM = 88P9MWFD62;
				INFOPLIST_FILE = calendarTestUITests/Info.plist;
				LD_RUNPATH_SEARCH_PATHS = (
					"$(inherited)",
					"@executable_path/Frameworks",
					"@loader_path/Frameworks",
				);
				PRODUCT_BUNDLE_IDENTIFIER = test.calendarTestUITests;
				PRODUCT_NAME = "$(TARGET_NAME)";
				SWIFT_VERSION = 5.0;
				TARGETED_DEVICE_FAMILY = "1,2";
				TEST_TARGET_NAME = calendarTest;
			};
			name = Release;
		};
/* End XCBuildConfiguration section */

/* Begin XCConfigurationList section */
		DAF966DE232F2B0A007F3433 /* Build configuration list for PBXProject "calendarTest" */ = {
			isa = XCConfigurationList;
			buildConfigurations = (
				DAF96709232F2B0B007F3433 /* Debug */,
				DAF9670A232F2B0B007F3433 /* Release */,
			);
			defaultConfigurationIsVisible = 0;
			defaultConfigurationName = Release;
		};
		DAF9670B232F2B0B007F3433 /* Build configuration list for PBXNativeTarget "calendarTest" */ = {
			isa = XCConfigurationList;
			buildConfigurations = (
				DAF9670C232F2B0B007F3433 /* Debug */,
				DAF9670D232F2B0B007F3433 /* Release */,
			);
			defaultConfigurationIsVisible = 0;
			defaultConfigurationName = Release;
		};
		DAF9670E232F2B0B007F3433 /* Build configuration list for PBXNativeTarget "calendarTestTests" */ = {
			isa = XCConfigurationList;
			buildConfigurations = (
				DAF9670F232F2B0B007F3433 /* Debug */,
				DAF96710232F2B0B007F3433 /* Release */,
			);
			defaultConfigurationIsVisible = 0;
			defaultConfigurationName = Release;
		};
		DAF96711232F2B0B007F3433 /* Build configuration list for PBXNativeTarget "calendarTestUITests" */ = {
			isa = XCConfigurationList;
			buildConfigurations = (
				DAF96712232F2B0B007F3433 /* Debug */,
				DAF96713232F2B0B007F3433 /* Release */,
			);
			defaultConfigurationIsVisible = 0;
			defaultConfigurationName = Release;
		};
/* End XCConfigurationList section */
	};
	rootObject = DAF966DB232F2B0A007F3433 /* Project object */;
}
